// !$*UTF8*$!
{
	archiveVersion = 1;
	classes = {
	};
	objectVersion = 52;
	objects = {

/* Begin PBXBuildFile section */
		3C3F5D9E2432188E00CA0D27 /* Lekce-VC.swift in Sources */ = {isa = PBXBuildFile; fileRef = 3C3F5D9D2432188E00CA0D27 /* Lekce-VC.swift */; };
		3C3F5DA02432321800CA0D27 /* Slovicko-VC.swift in Sources */ = {isa = PBXBuildFile; fileRef = 3C3F5D9F2432321800CA0D27 /* Slovicko-VC.swift */; };
		3C53C03B247284B400DA230C /* Vyhodnoceni.swift in Sources */ = {isa = PBXBuildFile; fileRef = 3C53C03A247284B400DA230C /* Vyhodnoceni.swift */; };
		3CA1E6C5246FD12B00D88BD0 /* About.swift in Sources */ = {isa = PBXBuildFile; fileRef = 3CA1E6C4246FD12B00D88BD0 /* About.swift */; };
		3CCCB9A42438D30F00D84366 /* Vyhodnoceni-VC.swift in Sources */ = {isa = PBXBuildFile; fileRef = 3CCCB9A32438D30F00D84366 /* Vyhodnoceni-VC.swift */; };
		3CFDF1FE24334E0C00AF471D /* Zkouseni.swift in Sources */ = {isa = PBXBuildFile; fileRef = 3CFDF1FD24334E0C00AF471D /* Zkouseni.swift */; };
		6C27F5352422353D00C27CC9 /* AppDelegate.swift in Sources */ = {isa = PBXBuildFile; fileRef = 6C27F5342422353D00C27CC9 /* AppDelegate.swift */; };
		6C27F5372422353D00C27CC9 /* SceneDelegate.swift in Sources */ = {isa = PBXBuildFile; fileRef = 6C27F5362422353D00C27CC9 /* SceneDelegate.swift */; };
		6C27F53F2422353D00C27CC9 /* IZA_CoreData_1.xcdatamodeld in Sources */ = {isa = PBXBuildFile; fileRef = 6C27F53D2422353D00C27CC9 /* IZA_CoreData_1.xcdatamodeld */; };
		6C27F5412422354000C27CC9 /* Assets.xcassets in Resources */ = {isa = PBXBuildFile; fileRef = 6C27F5402422354000C27CC9 /* Assets.xcassets */; };
		6C27F5442422354000C27CC9 /* LaunchScreen.storyboard in Resources */ = {isa = PBXBuildFile; fileRef = 6C27F5422422354000C27CC9 /* LaunchScreen.storyboard */; };
		6C27F54D24223A4600C27CC9 /* CD-Extensions.swift in Sources */ = {isa = PBXBuildFile; fileRef = 6C27F54C24223A4600C27CC9 /* CD-Extensions.swift */; };
		6C54E948242BD5F70048A4A2 /* MHCoreData in Frameworks */ = {isa = PBXBuildFile; productRef = 6C54E947242BD5F70048A4A2 /* MHCoreData */; };
		6CCC573D24239308009A8006 /* GlobalCDModel.swift in Sources */ = {isa = PBXBuildFile; fileRef = 6CCC573C24239308009A8006 /* GlobalCDModel.swift */; };
		6CCC57722424060D009A8006 /* MainVC.swift in Sources */ = {isa = PBXBuildFile; fileRef = 6CCC57712424060D009A8006 /* MainVC.swift */; };
/* End PBXBuildFile section */

/* Begin PBXFileReference section */
		3C3F5D9D2432188E00CA0D27 /* Lekce-VC.swift */ = {isa = PBXFileReference; lastKnownFileType = sourcecode.swift; path = "Lekce-VC.swift"; sourceTree = "<group>"; };
		3C3F5D9F2432321800CA0D27 /* Slovicko-VC.swift */ = {isa = PBXFileReference; lastKnownFileType = sourcecode.swift; path = "Slovicko-VC.swift"; sourceTree = "<group>"; };
		3C53C03A247284B400DA230C /* Vyhodnoceni.swift */ = {isa = PBXFileReference; lastKnownFileType = sourcecode.swift; path = Vyhodnoceni.swift; sourceTree = "<group>"; };
		3CA1E6C4246FD12B00D88BD0 /* About.swift */ = {isa = PBXFileReference; lastKnownFileType = sourcecode.swift; path = About.swift; sourceTree = "<group>"; };
		3CCCB9A32438D30F00D84366 /* Vyhodnoceni-VC.swift */ = {isa = PBXFileReference; lastKnownFileType = sourcecode.swift; path = "Vyhodnoceni-VC.swift"; sourceTree = "<group>"; };
		3CFDF1FD24334E0C00AF471D /* Zkouseni.swift */ = {isa = PBXFileReference; lastKnownFileType = sourcecode.swift; path = Zkouseni.swift; sourceTree = "<group>"; };
		6C27F5312422353C00C27CC9 /* IZAwords.app */ = {isa = PBXFileReference; explicitFileType = wrapper.application; includeInIndex = 0; path = IZAwords.app; sourceTree = BUILT_PRODUCTS_DIR; };
		6C27F5342422353D00C27CC9 /* AppDelegate.swift */ = {isa = PBXFileReference; lastKnownFileType = sourcecode.swift; path = AppDelegate.swift; sourceTree = "<group>"; };
		6C27F5362422353D00C27CC9 /* SceneDelegate.swift */ = {isa = PBXFileReference; lastKnownFileType = sourcecode.swift; path = SceneDelegate.swift; sourceTree = "<group>"; };
		6C27F53E2422353D00C27CC9 /* IZA_CoreData_1.xcdatamodel */ = {isa = PBXFileReference; lastKnownFileType = wrapper.xcdatamodel; path = IZA_CoreData_1.xcdatamodel; sourceTree = "<group>"; };
		6C27F5402422354000C27CC9 /* Assets.xcassets */ = {isa = PBXFileReference; lastKnownFileType = folder.assetcatalog; path = Assets.xcassets; sourceTree = "<group>"; };
		6C27F5432422354000C27CC9 /* Base */ = {isa = PBXFileReference; lastKnownFileType = file.storyboard; name = Base; path = Base.lproj/LaunchScreen.storyboard; sourceTree = "<group>"; };
		6C27F5452422354000C27CC9 /* Info.plist */ = {isa = PBXFileReference; lastKnownFileType = text.plist.xml; path = Info.plist; sourceTree = "<group>"; };
		6C27F54C24223A4600C27CC9 /* CD-Extensions.swift */ = {isa = PBXFileReference; lastKnownFileType = sourcecode.swift; path = "CD-Extensions.swift"; sourceTree = "<group>"; };
		6CCC573C24239308009A8006 /* GlobalCDModel.swift */ = {isa = PBXFileReference; lastKnownFileType = sourcecode.swift; path = GlobalCDModel.swift; sourceTree = "<group>"; };
		6CCC57712424060D009A8006 /* MainVC.swift */ = {isa = PBXFileReference; lastKnownFileType = sourcecode.swift; path = MainVC.swift; sourceTree = "<group>"; };
/* End PBXFileReference section */

/* Begin PBXFrameworksBuildPhase section */
		6C27F52E2422353C00C27CC9 /* Frameworks */ = {
			isa = PBXFrameworksBuildPhase;
			buildActionMask = 2147483647;
			files = (
				6C54E948242BD5F70048A4A2 /* MHCoreData in Frameworks */,
			);
			runOnlyForDeploymentPostprocessing = 0;
		};
/* End PBXFrameworksBuildPhase section */

/* Begin PBXGroup section */
		6C27F5282422353C00C27CC9 = {
			isa = PBXGroup;
			children = (
				6C27F5332422353C00C27CC9 /* IZAwords */,
				6C27F5322422353C00C27CC9 /* Products */,
			);
			sourceTree = "<group>";
		};
		6C27F5322422353C00C27CC9 /* Products */ = {
			isa = PBXGroup;
			children = (
				6C27F5312422353C00C27CC9 /* IZAwords.app */,
			);
			name = Products;
			sourceTree = "<group>";
		};
		6C27F5332422353C00C27CC9 /* IZAwords */ = {
			isa = PBXGroup;
			children = (
				6C8D0EC224253BB500D60CF1 /* System files */,
				6C8D0EBD242511D900D60CF1 /* Tabulky, pohledy, UI */,
				6C27F54B24223A2300C27CC9 /* Model-CD-classes */,
				6C27F53D2422353D00C27CC9 /* IZA_CoreData_1.xcdatamodeld */,
				6C27F5452422354000C27CC9 /* Info.plist */,
			);
			path = IZAwords;
			sourceTree = "<group>";
		};
		6C27F54B24223A2300C27CC9 /* Model-CD-classes */ = {
			isa = PBXGroup;
			children = (
				6C27F54C24223A4600C27CC9 /* CD-Extensions.swift */,
				6CCC573C24239308009A8006 /* GlobalCDModel.swift */,
			);
			path = "Model-CD-classes";
			sourceTree = "<group>";
		};
		6C8D0EBD242511D900D60CF1 /* Tabulky, pohledy, UI */ = {
			isa = PBXGroup;
			children = (
				6CCC57712424060D009A8006 /* MainVC.swift */,
				3C3F5D9D2432188E00CA0D27 /* Lekce-VC.swift */,
				3C3F5D9F2432321800CA0D27 /* Slovicko-VC.swift */,
				3CFDF1FD24334E0C00AF471D /* Zkouseni.swift */,
				3CCCB9A32438D30F00D84366 /* Vyhodnoceni-VC.swift */,
				3CA1E6C4246FD12B00D88BD0 /* About.swift */,
				3C53C03A247284B400DA230C /* Vyhodnoceni.swift */,
			);
			path = "Tabulky, pohledy, UI";
			sourceTree = "<group>";
		};
		6C8D0EC224253BB500D60CF1 /* System files */ = {
			isa = PBXGroup;
			children = (
				6C27F5342422353D00C27CC9 /* AppDelegate.swift */,
				6C27F5362422353D00C27CC9 /* SceneDelegate.swift */,
				6C27F5402422354000C27CC9 /* Assets.xcassets */,
				6C27F5422422354000C27CC9 /* LaunchScreen.storyboard */,
			);
			path = "System files";
			sourceTree = "<group>";
		};
/* End PBXGroup section */

/* Begin PBXNativeTarget section */
		6C27F5302422353C00C27CC9 /* IZAwords */ = {
			isa = PBXNativeTarget;
			buildConfigurationList = 6C27F5482422354000C27CC9 /* Build configuration list for PBXNativeTarget "IZAwords" */;
			buildPhases = (
				6C27F52D2422353C00C27CC9 /* Sources */,
				6C27F52E2422353C00C27CC9 /* Frameworks */,
				6C27F52F2422353C00C27CC9 /* Resources */,
			);
			buildRules = (
			);
			dependencies = (
			);
			name = IZAwords;
			packageProductDependencies = (
				6C54E947242BD5F70048A4A2 /* MHCoreData */,
			);
			productName = "IZA-CoreData-1";
			productReference = 6C27F5312422353C00C27CC9 /* IZAwords.app */;
			productType = "com.apple.product-type.application";
		};
/* End PBXNativeTarget section */

/* Begin PBXProject section */
		6C27F5292422353C00C27CC9 /* Project object */ = {
			isa = PBXProject;
			attributes = {
				LastSwiftUpdateCheck = 1130;
				LastUpgradeCheck = 1130;
				ORGANIZATIONNAME = "Martin Hruby FIT";
				TargetAttributes = {
					6C27F5302422353C00C27CC9 = {
						CreatedOnToolsVersion = 11.3;
					};
				};
			};
			buildConfigurationList = 6C27F52C2422353C00C27CC9 /* Build configuration list for PBXProject "IZAwords" */;
			compatibilityVersion = "Xcode 9.3";
			developmentRegion = en;
			hasScannedForEncodings = 0;
			knownRegions = (
				en,
				Base,
			);
			mainGroup = 6C27F5282422353C00C27CC9;
			packageReferences = (
				6C54E946242BD5F70048A4A2 /* XCRemoteSwiftPackageReference "MHCoreData" */,
			);
			productRefGroup = 6C27F5322422353C00C27CC9 /* Products */;
			projectDirPath = "";
			projectRoot = "";
			targets = (
				6C27F5302422353C00C27CC9 /* IZAwords */,
			);
		};
/* End PBXProject section */

/* Begin PBXResourcesBuildPhase section */
		6C27F52F2422353C00C27CC9 /* Resources */ = {
			isa = PBXResourcesBuildPhase;
			buildActionMask = 2147483647;
			files = (
				6C27F5442422354000C27CC9 /* LaunchScreen.storyboard in Resources */,
				6C27F5412422354000C27CC9 /* Assets.xcassets in Resources */,
			);
			runOnlyForDeploymentPostprocessing = 0;
		};
/* End PBXResourcesBuildPhase section */

/* Begin PBXSourcesBuildPhase section */
		6C27F52D2422353C00C27CC9 /* Sources */ = {
			isa = PBXSourcesBuildPhase;
			buildActionMask = 2147483647;
			files = (
				3CFDF1FE24334E0C00AF471D /* Zkouseni.swift in Sources */,
				3CA1E6C5246FD12B00D88BD0 /* About.swift in Sources */,
				3C53C03B247284B400DA230C /* Vyhodnoceni.swift in Sources */,
				3C3F5D9E2432188E00CA0D27 /* Lekce-VC.swift in Sources */,
				6C27F54D24223A4600C27CC9 /* CD-Extensions.swift in Sources */,
				6CCC57722424060D009A8006 /* MainVC.swift in Sources */,
				6C27F53F2422353D00C27CC9 /* IZA_CoreData_1.xcdatamodeld in Sources */,
				3CCCB9A42438D30F00D84366 /* Vyhodnoceni-VC.swift in Sources */,
				3C3F5DA02432321800CA0D27 /* Slovicko-VC.swift in Sources */,
				6C27F5352422353D00C27CC9 /* AppDelegate.swift in Sources */,
				6C27F5372422353D00C27CC9 /* SceneDelegate.swift in Sources */,
				6CCC573D24239308009A8006 /* GlobalCDModel.swift in Sources */,
			);
			runOnlyForDeploymentPostprocessing = 0;
		};
/* End PBXSourcesBuildPhase section */

/* Begin PBXVariantGroup section */
		6C27F5422422354000C27CC9 /* LaunchScreen.storyboard */ = {
			isa = PBXVariantGroup;
			children = (
				6C27F5432422354000C27CC9 /* Base */,
			);
			name = LaunchScreen.storyboard;
			sourceTree = "<group>";
		};
/* End PBXVariantGroup section */

/* Begin XCBuildConfiguration section */
		6C27F5462422354000C27CC9 /* Debug */ = {
			isa = XCBuildConfiguration;
			buildSettings = {
				ALWAYS_SEARCH_USER_PATHS = NO;
				CLANG_ANALYZER_NONNULL = YES;
				CLANG_ANALYZER_NUMBER_OBJECT_CONVERSION = YES_AGGRESSIVE;
				CLANG_CXX_LANGUAGE_STANDARD = "gnu++14";
				CLANG_CXX_LIBRARY = "libc++";
				CLANG_ENABLE_MODULES = YES;
				CLANG_ENABLE_OBJC_ARC = YES;
				CLANG_ENABLE_OBJC_WEAK = YES;
				CLANG_WARN_BLOCK_CAPTURE_AUTORELEASING = YES;
				CLANG_WARN_BOOL_CONVERSION = YES;
				CLANG_WARN_COMMA = YES;
				CLANG_WARN_CONSTANT_CONVERSION = YES;
				CLANG_WARN_DEPRECATED_OBJC_IMPLEMENTATIONS = YES;
				CLANG_WARN_DIRECT_OBJC_ISA_USAGE = YES_ERROR;
				CLANG_WARN_DOCUMENTATION_COMMENTS = YES;
				CLANG_WARN_EMPTY_BODY = YES;
				CLANG_WARN_ENUM_CONVERSION = YES;
				CLANG_WARN_INFINITE_RECURSION = YES;
				CLANG_WARN_INT_CONVERSION = YES;
				CLANG_WARN_NON_LITERAL_NULL_CONVERSION = YES;
				CLANG_WARN_OBJC_IMPLICIT_RETAIN_SELF = YES;
				CLANG_WARN_OBJC_LITERAL_CONVERSION = YES;
				CLANG_WARN_OBJC_ROOT_CLASS = YES_ERROR;
				CLANG_WARN_RANGE_LOOP_ANALYSIS = YES;
				CLANG_WARN_STRICT_PROTOTYPES = YES;
				CLANG_WARN_SUSPICIOUS_MOVE = YES;
				CLANG_WARN_UNGUARDED_AVAILABILITY = YES_AGGRESSIVE;
				CLANG_WARN_UNREACHABLE_CODE = YES;
				CLANG_WARN__DUPLICATE_METHOD_MATCH = YES;
				COPY_PHASE_STRIP = NO;
				DEBUG_INFORMATION_FORMAT = dwarf;
				ENABLE_STRICT_OBJC_MSGSEND = YES;
				ENABLE_TESTABILITY = YES;
				GCC_C_LANGUAGE_STANDARD = gnu11;
				GCC_DYNAMIC_NO_PIC = NO;
				GCC_NO_COMMON_BLOCKS = YES;
				GCC_OPTIMIZATION_LEVEL = 0;
				GCC_PREPROCESSOR_DEFINITIONS = (
					"DEBUG=1",
					"$(inherited)",
				);
				GCC_WARN_64_TO_32_BIT_CONVERSION = YES;
				GCC_WARN_ABOUT_RETURN_TYPE = YES_ERROR;
				GCC_WARN_UNDECLARED_SELECTOR = YES;
				GCC_WARN_UNINITIALIZED_AUTOS = YES_AGGRESSIVE;
				GCC_WARN_UNUSED_FUNCTION = YES;
				GCC_WARN_UNUSED_VARIABLE = YES;
				IPHONEOS_DEPLOYMENT_TARGET = 13.2;
				MTL_ENABLE_DEBUG_INFO = INCLUDE_SOURCE;
				MTL_FAST_MATH = YES;
				ONLY_ACTIVE_ARCH = YES;
				SDKROOT = iphoneos;
				SWIFT_ACTIVE_COMPILATION_CONDITIONS = DEBUG;
				SWIFT_OPTIMIZATION_LEVEL = "-Onone";
			};
			name = Debug;
		};
		6C27F5472422354000C27CC9 /* Release */ = {
			isa = XCBuildConfiguration;
			buildSettings = {
				ALWAYS_SEARCH_USER_PATHS = NO;
				CLANG_ANALYZER_NONNULL = YES;
				CLANG_ANALYZER_NUMBER_OBJECT_CONVERSION = YES_AGGRESSIVE;
				CLANG_CXX_LANGUAGE_STANDARD = "gnu++14";
				CLANG_CXX_LIBRARY = "libc++";
				CLANG_ENABLE_MODULES = YES;
				CLANG_ENABLE_OBJC_ARC = YES;
				CLANG_ENABLE_OBJC_WEAK = YES;
				CLANG_WARN_BLOCK_CAPTURE_AUTORELEASING = YES;
				CLANG_WARN_BOOL_CONVERSION = YES;
				CLANG_WARN_COMMA = YES;
				CLANG_WARN_CONSTANT_CONVERSION = YES;
				CLANG_WARN_DEPRECATED_OBJC_IMPLEMENTATIONS = YES;
				CLANG_WARN_DIRECT_OBJC_ISA_USAGE = YES_ERROR;
				CLANG_WARN_DOCUMENTATION_COMMENTS = YES;
				CLANG_WARN_EMPTY_BODY = YES;
				CLANG_WARN_ENUM_CONVERSION = YES;
				CLANG_WARN_INFINITE_RECURSION = YES;
				CLANG_WARN_INT_CONVERSION = YES;
				CLANG_WARN_NON_LITERAL_NULL_CONVERSION = YES;
				CLANG_WARN_OBJC_IMPLICIT_RETAIN_SELF = YES;
				CLANG_WARN_OBJC_LITERAL_CONVERSION = YES;
				CLANG_WARN_OBJC_ROOT_CLASS = YES_ERROR;
				CLANG_WARN_RANGE_LOOP_ANALYSIS = YES;
				CLANG_WARN_STRICT_PROTOTYPES = YES;
				CLANG_WARN_SUSPICIOUS_MOVE = YES;
				CLANG_WARN_UNGUARDED_AVAILABILITY = YES_AGGRESSIVE;
				CLANG_WARN_UNREACHABLE_CODE = YES;
				CLANG_WARN__DUPLICATE_METHOD_MATCH = YES;
				COPY_PHASE_STRIP = NO;
				DEBUG_INFORMATION_FORMAT = "dwarf-with-dsym";
				ENABLE_NS_ASSERTIONS = NO;
				ENABLE_STRICT_OBJC_MSGSEND = YES;
				GCC_C_LANGUAGE_STANDARD = gnu11;
				GCC_NO_COMMON_BLOCKS = YES;
				GCC_WARN_64_TO_32_BIT_CONVERSION = YES;
				GCC_WARN_ABOUT_RETURN_TYPE = YES_ERROR;
				GCC_WARN_UNDECLARED_SELECTOR = YES;
				GCC_WARN_UNINITIALIZED_AUTOS = YES_AGGRESSIVE;
				GCC_WARN_UNUSED_FUNCTION = YES;
				GCC_WARN_UNUSED_VARIABLE = YES;
				IPHONEOS_DEPLOYMENT_TARGET = 13.2;
				MTL_ENABLE_DEBUG_INFO = NO;
				MTL_FAST_MATH = YES;
				SDKROOT = iphoneos;
				SWIFT_COMPILATION_MODE = wholemodule;
				SWIFT_OPTIMIZATION_LEVEL = "-O";
				VALIDATE_PRODUCT = YES;
			};
			name = Release;
		};
		6C27F5492422354000C27CC9 /* Debug */ = {
			isa = XCBuildConfiguration;
			buildSettings = {
				ASSETCATALOG_COMPILER_APPICON_NAME = AppIcon;
				CODE_SIGN_STYLE = Automatic;
				DEVELOPMENT_TEAM = 6DTJGF3D7H;
				INFOPLIST_FILE = IZAwords/Info.plist;
				LD_RUNPATH_SEARCH_PATHS = (
					"$(inherited)",
					"@executable_path/Frameworks",
				);
				PRODUCT_BUNDLE_IDENTIFIER = cz.vutbr.fit.IZAwords;
				PRODUCT_NAME = IZAwords;
				SWIFT_VERSION = 5.0;
				TARGETED_DEVICE_FAMILY = "1,2";
			};
			name = Debug;
		};
		6C27F54A2422354000C27CC9 /* Release */ = {
			isa = XCBuildConfiguration;
			buildSettings = {
				ASSETCATALOG_COMPILER_APPICON_NAME = AppIcon;
				CODE_SIGN_STYLE = Automatic;
				DEVELOPMENT_TEAM = 6DTJGF3D7H;
				INFOPLIST_FILE = IZAwords/Info.plist;
				LD_RUNPATH_SEARCH_PATHS = (
					"$(inherited)",
					"@executable_path/Frameworks",
				);
				PRODUCT_BUNDLE_IDENTIFIER = cz.vutbr.fit.IZAwords;
				PRODUCT_NAME = IZAwords;
				SWIFT_VERSION = 5.0;
				TARGETED_DEVICE_FAMILY = "1,2";
			};
			name = Release;
		};
/* End XCBuildConfiguration section */

/* Begin XCConfigurationList section */
		6C27F52C2422353C00C27CC9 /* Build configuration list for PBXProject "IZAwords" */ = {
			isa = XCConfigurationList;
			buildConfigurations = (
				6C27F5462422354000C27CC9 /* Debug */,
				6C27F5472422354000C27CC9 /* Release */,
			);
			defaultConfigurationIsVisible = 0;
			defaultConfigurationName = Release;
		};
		6C27F5482422354000C27CC9 /* Build configuration list for PBXNativeTarget "IZAwords" */ = {
			isa = XCConfigurationList;
			buildConfigurations = (
				6C27F5492422354000C27CC9 /* Debug */,
				6C27F54A2422354000C27CC9 /* Release */,
			);
			defaultConfigurationIsVisible = 0;
			defaultConfigurationName = Release;
		};
/* End XCConfigurationList section */

/* Begin XCRemoteSwiftPackageReference section */
		6C54E946242BD5F70048A4A2 /* XCRemoteSwiftPackageReference "MHCoreData" */ = {
			isa = XCRemoteSwiftPackageReference;
			repositoryURL = "https://github.com/IZAmhfit/MHCoreData.git";
			requirement = {
				branch = master;
				kind = branch;
			};
		};
/* End XCRemoteSwiftPackageReference section */

/* Begin XCSwiftPackageProductDependency section */
		6C54E947242BD5F70048A4A2 /* MHCoreData */ = {
			isa = XCSwiftPackageProductDependency;
			package = 6C54E946242BD5F70048A4A2 /* XCRemoteSwiftPackageReference "MHCoreData" */;
			productName = MHCoreData;
		};
/* End XCSwiftPackageProductDependency section */

/* Begin XCVersionGroup section */
		6C27F53D2422353D00C27CC9 /* IZA_CoreData_1.xcdatamodeld */ = {
			isa = XCVersionGroup;
			children = (
				6C27F53E2422353D00C27CC9 /* IZA_CoreData_1.xcdatamodel */,
			);
			currentVersion = 6C27F53E2422353D00C27CC9 /* IZA_CoreData_1.xcdatamodel */;
			path = IZA_CoreData_1.xcdatamodeld;
			sourceTree = "<group>";
			versionGroupType = wrapper.xcdatamodel;
		};
/* End XCVersionGroup section */
	};
	rootObject = 6C27F5292422353C00C27CC9 /* Project object */;
}
